
Microsoft Visual Studio Solution File, Format Version 12.00
# Visual Studio Version 17
VisualStudioVersion = 17.5.2.0
MinimumVisualStudioVersion = 10.0.40219.1
Project("{FAE04EC0-301F-11D3-BF4B-00C04F79EFBC}") = "Agentic.NET", "src\Agentic.NET\Agentic.NET.csproj", "{B423F794-C3B0-B3A6-6E38-59A27DF3B4D7}"
EndProject
Project("{2150E333-8FDC-42A3-9474-1A3956D46DE8}") = "samples", "samples", "{5D20AA90-6969-D8BD-9DCD-8634F4692FDA}"
EndProject
Project("{FAE04EC0-301F-11D3-BF4B-00C04F79EFBC}") = "BasicChat", "samples\BasicChat\BasicChat.csproj", "{5243EB5E-8B6B-4BE2-BF24-EFC622DF5C52}"
EndProject
Project("{FAE04EC0-301F-11D3-BF4B-00C04F79EFBC}") = "MemoryAndMiddleware", "samples\MemoryAndMiddleware\MemoryAndMiddleware.csproj", "{FFB7F2C3-378B-4A11-987E-BB897552245D}"
EndProject
Project("{FAE04EC0-301F-11D3-BF4B-00C04F79EFBC}") = "ToolCalling", "samples\ToolCalling\ToolCalling.csproj", "{6D9CE3E7-C988-4C5F-8E4D-6748137B6B3D}"
EndProject
Project("{2150E333-8FDC-42A3-9474-1A3956D46DE8}") = "src", "src", "{0AB3BF05-4346-4AA6-1389-037BE0695223}"
EndProject
Project("{FAE04EC0-301F-11D3-BF4B-00C04F79EFBC}") = "Agentic.Tests", "src\Agentic.Tests\Agentic.Tests.csproj", "{1D38149D-5BAF-4942-85EE-ACA5207EA2EF}"
EndProject
Project("{FAE04EC0-301F-11D3-BF4B-00C04F79EFBC}") = "SafeguardMiddleware", "samples\SafeguardMiddleware\SafeguardMiddleware.csproj", "{2D403B4C-DD38-4439-9DD6-012239BDA6BA}"
EndProject
Project("{FAE04EC0-301F-11D3-BF4B-00C04F79EFBC}") = "LoggingMiddleware", "samples\LoggingMiddleware\LoggingMiddleware.csproj", "{A0AE9DF7-B89B-4622-B558-B1FBC68AA268}"
EndProject
Project("{FAE04EC0-301F-11D3-BF4B-00C04F79EFBC}") = "RateLimitingMiddleware", "samples\RateLimitingMiddleware\RateLimitingMiddleware.csproj", "{A9571483-7663-407A-8EB7-BABDBB1CE3D0}"
EndProject
Project("{FAE04EC0-301F-11D3-BF4B-00C04F79EFBC}") = "AuthenticationMiddleware", "samples\AuthenticationMiddleware\AuthenticationMiddleware.csproj", "{8C3DA34D-CC38-4FA5-B0DE-B14CCDF52A37}"
EndProject
Project("{FAE04EC0-301F-11D3-BF4B-00C04F79EFBC}") = "CachingMiddleware", "samples\CachingMiddleware\CachingMiddleware.csproj", "{6A6CF2BA-4B13-46CD-9B26-A64B697B0EAE}"
EndProject
Project("{FAE04EC0-301F-11D3-BF4B-00C04F79EFBC}") = "ErrorHandlingMiddleware", "samples\ErrorHandlingMiddleware\ErrorHandlingMiddleware.csproj", "{1EC222A0-EA16-4BC5-B25F-AA6C21F95595}"
EndProject
Project("{FAE04EC0-301F-11D3-BF4B-00C04F79EFBC}") = "ResponseValidationMiddleware", "samples\ResponseValidationMiddleware\ResponseValidationMiddleware.csproj", "{7B5E8C4F-A2D9-4E1B-9F8E-C3D7E5A9B2F1}"
EndProject
Project("{FAE04EC0-301F-11D3-BF4B-00C04F79EFBC}") = "ProactiveAssistant", "samples\ProactiveAssistant\ProactiveAssistant.csproj", "{C05BB0DD-7C17-45B7-AB97-F05786B71344}"
EndProject
Global
	GlobalSection(SolutionConfigurationPlatforms) = preSolution
		Debug|Any CPU = Debug|Any CPU
		Debug|x64 = Debug|x64
		Debug|x86 = Debug|x86
		Release|Any CPU = Release|Any CPU
		Release|x64 = Release|x64
		Release|x86 = Release|x86
	EndGlobalSection
	GlobalSection(ProjectConfigurationPlatforms) = postSolution
		{B423F794-C3B0-B3A6-6E38-59A27DF3B4D7}.Debug|Any CPU.ActiveCfg = Debug|Any CPU
		{B423F794-C3B0-B3A6-6E38-59A27DF3B4D7}.Debug|Any CPU.Build.0 = Debug|Any CPU
		{B423F794-C3B0-B3A6-6E38-59A27DF3B4D7}.Debug|x64.ActiveCfg = Debug|Any CPU
		{B423F794-C3B0-B3A6-6E38-59A27DF3B4D7}.Debug|x64.Build.0 = Debug|Any CPU
		{B423F794-C3B0-B3A6-6E38-59A27DF3B4D7}.Debug|x86.ActiveCfg = Debug|Any CPU
		{B423F794-C3B0-B3A6-6E38-59A27DF3B4D7}.Debug|x86.Build.0 = Debug|Any CPU
		{B423F794-C3B0-B3A6-6E38-59A27DF3B4D7}.Release|Any CPU.ActiveCfg = Release|Any CPU
		{B423F794-C3B0-B3A6-6E38-59A27DF3B4D7}.Release|Any CPU.Build.0 = Release|Any CPU
		{B423F794-C3B0-B3A6-6E38-59A27DF3B4D7}.Release|x64.ActiveCfg = Release|Any CPU
		{B423F794-C3B0-B3A6-6E38-59A27DF3B4D7}.Release|x64.Build.0 = Release|Any CPU
		{B423F794-C3B0-B3A6-6E38-59A27DF3B4D7}.Release|x86.ActiveCfg = Release|Any CPU
		{B423F794-C3B0-B3A6-6E38-59A27DF3B4D7}.Release|x86.Build.0 = Release|Any CPU
		{5243EB5E-8B6B-4BE2-BF24-EFC622DF5C52}.Debug|Any CPU.ActiveCfg = Debug|Any CPU
		{5243EB5E-8B6B-4BE2-BF24-EFC622DF5C52}.Debug|Any CPU.Build.0 = Debug|Any CPU
		{5243EB5E-8B6B-4BE2-BF24-EFC622DF5C52}.Debug|x64.ActiveCfg = Debug|Any CPU
		{5243EB5E-8B6B-4BE2-BF24-EFC622DF5C52}.Debug|x64.Build.0 = Debug|Any CPU
		{5243EB5E-8B6B-4BE2-BF24-EFC622DF5C52}.Debug|x86.ActiveCfg = Debug|Any CPU
		{5243EB5E-8B6B-4BE2-BF24-EFC622DF5C52}.Debug|x86.Build.0 = Debug|Any CPU
		{5243EB5E-8B6B-4BE2-BF24-EFC622DF5C52}.Release|Any CPU.ActiveCfg = Release|Any CPU
		{5243EB5E-8B6B-4BE2-BF24-EFC622DF5C52}.Release|Any CPU.Build.0 = Release|Any CPU
		{5243EB5E-8B6B-4BE2-BF24-EFC622DF5C52}.Release|x64.ActiveCfg = Release|Any CPU
		{5243EB5E-8B6B-4BE2-BF24-EFC622DF5C52}.Release|x64.Build.0 = Release|Any CPU
		{5243EB5E-8B6B-4BE2-BF24-EFC622DF5C52}.Release|x86.ActiveCfg = Release|Any CPU
		{5243EB5E-8B6B-4BE2-BF24-EFC622DF5C52}.Release|x86.Build.0 = Release|Any CPU
		{FFB7F2C3-378B-4A11-987E-BB897552245D}.Debug|Any CPU.ActiveCfg = Debug|Any CPU
		{FFB7F2C3-378B-4A11-987E-BB897552245D}.Debug|Any CPU.Build.0 = Debug|Any CPU
		{FFB7F2C3-378B-4A11-987E-BB897552245D}.Debug|x64.ActiveCfg = Debug|Any CPU
		{FFB7F2C3-378B-4A11-987E-BB897552245D}.Debug|x64.Build.0 = Debug|Any CPU
		{FFB7F2C3-378B-4A11-987E-BB897552245D}.Debug|x86.ActiveCfg = Debug|Any CPU
		{FFB7F2C3-378B-4A11-987E-BB897552245D}.Debug|x86.Build.0 = Debug|Any CPU
		{FFB7F2C3-378B-4A11-987E-BB897552245D}.Release|Any CPU.ActiveCfg = Release|Any CPU
		{FFB7F2C3-378B-4A11-987E-BB897552245D}.Release|Any CPU.Build.0 = Release|Any CPU
		{FFB7F2C3-378B-4A11-987E-BB897552245D}.Release|x64.ActiveCfg = Release|Any CPU
		{FFB7F2C3-378B-4A11-987E-BB897552245D}.Release|x64.Build.0 = Release|Any CPU
		{FFB7F2C3-378B-4A11-987E-BB897552245D}.Release|x86.ActiveCfg = Release|Any CPU
		{FFB7F2C3-378B-4A11-987E-BB897552245D}.Release|x86.Build.0 = Release|Any CPU
		{6D9CE3E7-C988-4C5F-8E4D-6748137B6B3D}.Debug|Any CPU.ActiveCfg = Debug|Any CPU
		{6D9CE3E7-C988-4C5F-8E4D-6748137B6B3D}.Debug|Any CPU.Build.0 = Debug|Any CPU
		{6D9CE3E7-C988-4C5F-8E4D-6748137B6B3D}.Debug|x64.ActiveCfg = Debug|Any CPU
		{6D9CE3E7-C988-4C5F-8E4D-6748137B6B3D}.Debug|x64.Build.0 = Debug|Any CPU
		{6D9CE3E7-C988-4C5F-8E4D-6748137B6B3D}.Debug|x86.ActiveCfg = Debug|Any CPU
		{6D9CE3E7-C988-4C5F-8E4D-6748137B6B3D}.Debug|x86.Build.0 = Debug|Any CPU
		{6D9CE3E7-C988-4C5F-8E4D-6748137B6B3D}.Release|Any CPU.ActiveCfg = Release|Any CPU
		{6D9CE3E7-C988-4C5F-8E4D-6748137B6B3D}.Release|Any CPU.Build.0 = Release|Any CPU
		{6D9CE3E7-C988-4C5F-8E4D-6748137B6B3D}.Release|x64.ActiveCfg = Release|Any CPU
		{6D9CE3E7-C988-4C5F-8E4D-6748137B6B3D}.Release|x64.Build.0 = Release|Any CPU
		{6D9CE3E7-C988-4C5F-8E4D-6748137B6B3D}.Release|x86.ActiveCfg = Release|Any CPU
		{6D9CE3E7-C988-4C5F-8E4D-6748137B6B3D}.Release|x86.Build.0 = Release|Any CPU
		{1D38149D-5BAF-4942-85EE-ACA5207EA2EF}.Debug|Any CPU.ActiveCfg = Debug|Any CPU
		{1D38149D-5BAF-4942-85EE-ACA5207EA2EF}.Debug|Any CPU.Build.0 = Debug|Any CPU
		{1D38149D-5BAF-4942-85EE-ACA5207EA2EF}.Debug|x64.ActiveCfg = Debug|Any CPU
		{1D38149D-5BAF-4942-85EE-ACA5207EA2EF}.Debug|x64.Build.0 = Debug|Any CPU
		{1D38149D-5BAF-4942-85EE-ACA5207EA2EF}.Debug|x86.ActiveCfg = Debug|Any CPU
		{1D38149D-5BAF-4942-85EE-ACA5207EA2EF}.Debug|x86.Build.0 = Debug|Any CPU
		{1D38149D-5BAF-4942-85EE-ACA5207EA2EF}.Release|Any CPU.ActiveCfg = Release|Any CPU
		{1D38149D-5BAF-4942-85EE-ACA5207EA2EF}.Release|Any CPU.Build.0 = Release|Any CPU
		{1D38149D-5BAF-4942-85EE-ACA5207EA2EF}.Release|x64.ActiveCfg = Release|Any CPU
		{1D38149D-5BAF-4942-85EE-ACA5207EA2EF}.Release|x64.Build.0 = Release|Any CPU
		{1D38149D-5BAF-4942-85EE-ACA5207EA2EF}.Release|x86.ActiveCfg = Release|Any CPU
		{1D38149D-5BAF-4942-85EE-ACA5207EA2EF}.Release|x86.Build.0 = Release|Any CPU
		{2D403B4C-DD38-4439-9DD6-012239BDA6BA}.Debug|Any CPU.ActiveCfg = Debug|Any CPU
		{2D403B4C-DD38-4439-9DD6-012239BDA6BA}.Debug|Any CPU.Build.0 = Debug|Any CPU
		{2D403B4C-DD38-4439-9DD6-012239BDA6BA}.Debug|x64.ActiveCfg = Debug|Any CPU
		{2D403B4C-DD38-4439-9DD6-012239BDA6BA}.Debug|x64.Build.0 = Debug|Any CPU
		{2D403B4C-DD38-4439-9DD6-012239BDA6BA}.Debug|x86.ActiveCfg = Debug|Any CPU
		{2D403B4C-DD38-4439-9DD6-012239BDA6BA}.Debug|x86.Build.0 = Debug|Any CPU
		{2D403B4C-DD38-4439-9DD6-012239BDA6BA}.Release|Any CPU.ActiveCfg = Release|Any CPU
		{2D403B4C-DD38-4439-9DD6-012239BDA6BA}.Release|Any CPU.Build.0 = Release|Any CPU
		{2D403B4C-DD38-4439-9DD6-012239BDA6BA}.Release|x64.ActiveCfg = Release|Any CPU
		{2D403B4C-DD38-4439-9DD6-012239BDA6BA}.Release|x64.Build.0 = Release|Any CPU
		{2D403B4C-DD38-4439-9DD6-012239BDA6BA}.Release|x86.ActiveCfg = Release|Any CPU
		{2D403B4C-DD38-4439-9DD6-012239BDA6BA}.Release|x86.Build.0 = Release|Any CPU
		{A0AE9DF7-B89B-4622-B558-B1FBC68AA268}.Debug|Any CPU.ActiveCfg = Debug|Any CPU
		{A0AE9DF7-B89B-4622-B558-B1FBC68AA268}.Debug|Any CPU.Build.0 = Debug|Any CPU
		{A0AE9DF7-B89B-4622-B558-B1FBC68AA268}.Debug|x64.ActiveCfg = Debug|Any CPU
		{A0AE9DF7-B89B-4622-B558-B1FBC68AA268}.Debug|x64.Build.0 = Debug|Any CPU
		{A0AE9DF7-B89B-4622-B558-B1FBC68AA268}.Debug|x86.ActiveCfg = Debug|Any CPU
		{A0AE9DF7-B89B-4622-B558-B1FBC68AA268}.Debug|x86.Build.0 = Debug|Any CPU
		{A0AE9DF7-B89B-4622-B558-B1FBC68AA268}.Release|Any CPU.ActiveCfg = Release|Any CPU
		{A0AE9DF7-B89B-4622-B558-B1FBC68AA268}.Release|Any CPU.Build.0 = Release|Any CPU
		{A0AE9DF7-B89B-4622-B558-B1FBC68AA268}.Release|x64.ActiveCfg = Release|Any CPU
		{A0AE9DF7-B89B-4622-B558-B1FBC68AA268}.Release|x64.Build.0 = Release|Any CPU
		{A0AE9DF7-B89B-4622-B558-B1FBC68AA268}.Release|x86.ActiveCfg = Release|Any CPU
		{A0AE9DF7-B89B-4622-B558-B1FBC68AA268}.Release|x86.Build.0 = Release|Any CPU
		{A9571483-7663-407A-8EB7-BABDBB1CE3D0}.Debug|Any CPU.ActiveCfg = Debug|Any CPU
		{A9571483-7663-407A-8EB7-BABDBB1CE3D0}.Debug|Any CPU.Build.0 = Debug|Any CPU
		{A9571483-7663-407A-8EB7-BABDBB1CE3D0}.Debug|x64.ActiveCfg = Debug|Any CPU
		{A9571483-7663-407A-8EB7-BABDBB1CE3D0}.Debug|x64.Build.0 = Debug|Any CPU
		{A9571483-7663-407A-8EB7-BABDBB1CE3D0}.Debug|x86.ActiveCfg = Debug|Any CPU
		{A9571483-7663-407A-8EB7-BABDBB1CE3D0}.Debug|x86.Build.0 = Debug|Any CPU
		{A9571483-7663-407A-8EB7-BABDBB1CE3D0}.Release|Any CPU.ActiveCfg = Release|Any CPU
		{A9571483-7663-407A-8EB7-BABDBB1CE3D0}.Release|Any CPU.Build.0 = Release|Any CPU
		{A9571483-7663-407A-8EB7-BABDBB1CE3D0}.Release|x64.ActiveCfg = Release|Any CPU
		{A9571483-7663-407A-8EB7-BABDBB1CE3D0}.Release|x64.Build.0 = Release|Any CPU
		{A9571483-7663-407A-8EB7-BABDBB1CE3D0}.Release|x86.ActiveCfg = Release|Any CPU
		{A9571483-7663-407A-8EB7-BABDBB1CE3D0}.Release|x86.Build.0 = Release|Any CPU
		{8C3DA34D-CC38-4FA5-B0DE-B14CCDF52A37}.Debug|Any CPU.ActiveCfg = Debug|Any CPU
		{8C3DA34D-CC38-4FA5-B0DE-B14CCDF52A37}.Debug|Any CPU.Build.0 = Debug|Any CPU
		{8C3DA34D-CC38-4FA5-B0DE-B14CCDF52A37}.Debug|x64.ActiveCfg = Debug|Any CPU
		{8C3DA34D-CC38-4FA5-B0DE-B14CCDF52A37}.Debug|x64.Build.0 = Debug|Any CPU
		{8C3DA34D-CC38-4FA5-B0DE-B14CCDF52A37}.Debug|x86.ActiveCfg = Debug|Any CPU
		{8C3DA34D-CC38-4FA5-B0DE-B14CCDF52A37}.Debug|x86.Build.0 = Debug|Any CPU
		{8C3DA34D-CC38-4FA5-B0DE-B14CCDF52A37}.Release|Any CPU.ActiveCfg = Release|Any CPU
		{8C3DA34D-CC38-4FA5-B0DE-B14CCDF52A37}.Release|Any CPU.Build.0 = Release|Any CPU
		{8C3DA34D-CC38-4FA5-B0DE-B14CCDF52A37}.Release|x64.ActiveCfg = Release|Any CPU
		{8C3DA34D-CC38-4FA5-B0DE-B14CCDF52A37}.Release|x64.Build.0 = Release|Any CPU
		{8C3DA34D-CC38-4FA5-B0DE-B14CCDF52A37}.Release|x86.ActiveCfg = Release|Any CPU
		{8C3DA34D-CC38-4FA5-B0DE-B14CCDF52A37}.Release|x86.Build.0 = Release|Any CPU
		{6A6CF2BA-4B13-46CD-9B26-A64B697B0EAE}.Debug|Any CPU.ActiveCfg = Debug|Any CPU
		{6A6CF2BA-4B13-46CD-9B26-A64B697B0EAE}.Debug|Any CPU.Build.0 = Debug|Any CPU
		{6A6CF2BA-4B13-46CD-9B26-A64B697B0EAE}.Debug|x64.ActiveCfg = Debug|Any CPU
		{6A6CF2BA-4B13-46CD-9B26-A64B697B0EAE}.Debug|x64.Build.0 = Debug|Any CPU
		{6A6CF2BA-4B13-46CD-9B26-A64B697B0EAE}.Debug|x86.ActiveCfg = Debug|Any CPU
		{6A6CF2BA-4B13-46CD-9B26-A64B697B0EAE}.Debug|x86.Build.0 = Debug|Any CPU
		{6A6CF2BA-4B13-46CD-9B26-A64B697B0EAE}.Release|Any CPU.ActiveCfg = Release|Any CPU
		{6A6CF2BA-4B13-46CD-9B26-A64B697B0EAE}.Release|Any CPU.Build.0 = Release|Any CPU
		{6A6CF2BA-4B13-46CD-9B26-A64B697B0EAE}.Release|x64.ActiveCfg = Release|Any CPU
		{6A6CF2BA-4B13-46CD-9B26-A64B697B0EAE}.Release|x64.Build.0 = Release|Any CPU
		{6A6CF2BA-4B13-46CD-9B26-A64B697B0EAE}.Release|x86.ActiveCfg = Release|Any CPU
		{6A6CF2BA-4B13-46CD-9B26-A64B697B0EAE}.Release|x86.Build.0 = Release|Any CPU
		{1EC222A0-EA16-4BC5-B25F-AA6C21F95595}.Debug|Any CPU.ActiveCfg = Debug|Any CPU
		{1EC222A0-EA16-4BC5-B25F-AA6C21F95595}.Debug|Any CPU.Build.0 = Debug|Any CPU
		{1EC222A0-EA16-4BC5-B25F-AA6C21F95595}.Debug|x64.ActiveCfg = Debug|Any CPU
		{1EC222A0-EA16-4BC5-B25F-AA6C21F95595}.Debug|x64.Build.0 = Debug|Any CPU
		{1EC222A0-EA16-4BC5-B25F-AA6C21F95595}.Debug|x86.ActiveCfg = Debug|Any CPU
		{1EC222A0-EA16-4BC5-B25F-AA6C21F95595}.Debug|x86.Build.0 = Debug|Any CPU
		{1EC222A0-EA16-4BC5-B25F-AA6C21F95595}.Release|Any CPU.ActiveCfg = Release|Any CPU
		{1EC222A0-EA16-4BC5-B25F-AA6C21F95595}.Release|Any CPU.Build.0 = Release|Any CPU
		{1EC222A0-EA16-4BC5-B25F-AA6C21F95595}.Release|x64.ActiveCfg = Release|Any CPU
		{1EC222A0-EA16-4BC5-B25F-AA6C21F95595}.Release|x64.Build.0 = Release|Any CPU
		{1EC222A0-EA16-4BC5-B25F-AA6C21F95595}.Release|x86.ActiveCfg = Release|Any CPU
		{1EC222A0-EA16-4BC5-B25F-AA6C21F95595}.Release|x86.Build.0 = Release|Any CPU
		{7B5E8C4F-A2D9-4E1B-9F8E-C3D7E5A9B2F1}.Debug|Any CPU.ActiveCfg = Debug|Any CPU
		{7B5E8C4F-A2D9-4E1B-9F8E-C3D7E5A9B2F1}.Debug|Any CPU.Build.0 = Debug|Any CPU
		{7B5E8C4F-A2D9-4E1B-9F8E-C3D7E5A9B2F1}.Debug|x64.ActiveCfg = Debug|Any CPU
		{7B5E8C4F-A2D9-4E1B-9F8E-C3D7E5A9B2F1}.Debug|x64.Build.0 = Debug|Any CPU
		{7B5E8C4F-A2D9-4E1B-9F8E-C3D7E5A9B2F1}.Debug|x86.ActiveCfg = Debug|Any CPU
		{7B5E8C4F-A2D9-4E1B-9F8E-C3D7E5A9B2F1}.Debug|x86.Build.0 = Debug|Any CPU
		{7B5E8C4F-A2D9-4E1B-9F8E-C3D7E5A9B2F1}.Release|Any CPU.ActiveCfg = Release|Any CPU
		{7B5E8C4F-A2D9-4E1B-9F8E-C3D7E5A9B2F1}.Release|Any CPU.Build.0 = Release|Any CPU
		{7B5E8C4F-A2D9-4E1B-9F8E-C3D7E5A9B2F1}.Release|x64.ActiveCfg = Release|Any CPU
		{7B5E8C4F-A2D9-4E1B-9F8E-C3D7E5A9B2F1}.Release|x64.Build.0 = Release|Any CPU
		{7B5E8C4F-A2D9-4E1B-9F8E-C3D7E5A9B2F1}.Release|x86.ActiveCfg = Release|Any CPU
		{7B5E8C4F-A2D9-4E1B-9F8E-C3D7E5A9B2F1}.Release|x86.Build.0 = Release|Any CPU
		{C05BB0DD-7C17-45B7-AB97-F05786B71344}.Debug|Any CPU.ActiveCfg = Debug|Any CPU
		{C05BB0DD-7C17-45B7-AB97-F05786B71344}.Debug|Any CPU.Build.0 = Debug|Any CPU
		{C05BB0DD-7C17-45B7-AB97-F05786B71344}.Debug|x64.ActiveCfg = Debug|Any CPU
		{C05BB0DD-7C17-45B7-AB97-F05786B71344}.Debug|x64.Build.0 = Debug|Any CPU
		{C05BB0DD-7C17-45B7-AB97-F05786B71344}.Debug|x86.ActiveCfg = Debug|Any CPU
		{C05BB0DD-7C17-45B7-AB97-F05786B71344}.Debug|x86.Build.0 = Debug|Any CPU
		{C05BB0DD-7C17-45B7-AB97-F05786B71344}.Release|Any CPU.ActiveCfg = Release|Any CPU
		{C05BB0DD-7C17-45B7-AB97-F05786B71344}.Release|Any CPU.Build.0 = Release|Any CPU
		{C05BB0DD-7C17-45B7-AB97-F05786B71344}.Release|x64.ActiveCfg = Release|Any CPU
		{C05BB0DD-7C17-45B7-AB97-F05786B71344}.Release|x64.Build.0 = Release|Any CPU
		{C05BB0DD-7C17-45B7-AB97-F05786B71344}.Release|x86.ActiveCfg = Release|Any CPU
		{C05BB0DD-7C17-45B7-AB97-F05786B71344}.Release|x86.Build.0 = Release|Any CPU
	EndGlobalSection
	GlobalSection(SolutionProperties) = preSolution
		HideSolutionNode = FALSE
	EndGlobalSection
	GlobalSection(NestedProjects) = preSolution
		{5243EB5E-8B6B-4BE2-BF24-EFC622DF5C52} = {5D20AA90-6969-D8BD-9DCD-8634F4692FDA}
		{FFB7F2C3-378B-4A11-987E-BB897552245D} = {5D20AA90-6969-D8BD-9DCD-8634F4692FDA}
		{6D9CE3E7-C988-4C5F-8E4D-6748137B6B3D} = {5D20AA90-6969-D8BD-9DCD-8634F4692FDA}
		{B423F794-C3B0-B3A6-6E38-59A27DF3B4D7} = {0AB3BF05-4346-4AA6-1389-037BE0695223}
		{1D38149D-5BAF-4942-85EE-ACA5207EA2EF} = {0AB3BF05-4346-4AA6-1389-037BE0695223}
		{2D403B4C-DD38-4439-9DD6-012239BDA6BA} = {5D20AA90-6969-D8BD-9DCD-8634F4692FDA}
		{A0AE9DF7-B89B-4622-B558-B1FBC68AA268} = {5D20AA90-6969-D8BD-9DCD-8634F4692FDA}
		{A9571483-7663-407A-8EB7-BABDBB1CE3D0} = {5D20AA90-6969-D8BD-9DCD-8634F4692FDA}
		{8C3DA34D-CC38-4FA5-B0DE-B14CCDF52A37} = {5D20AA90-6969-D8BD-9DCD-8634F4692FDA}
		{6A6CF2BA-4B13-46CD-9B26-A64B697B0EAE} = {5D20AA90-6969-D8BD-9DCD-8634F4692FDA}
		{1EC222A0-EA16-4BC5-B25F-AA6C21F95595} = {5D20AA90-6969-D8BD-9DCD-8634F4692FDA}
		{7B5E8C4F-A2D9-4E1B-9F8E-C3D7E5A9B2F1} = {5D20AA90-6969-D8BD-9DCD-8634F4692FDA}
		{C05BB0DD-7C17-45B7-AB97-F05786B71344} = {5D20AA90-6969-D8BD-9DCD-8634F4692FDA}
	EndGlobalSection
	GlobalSection(ExtensibilityGlobals) = postSolution
		SolutionGuid = {555466C2-0F47-48A0-BDAB-1F53F81C648F}
	EndGlobalSection
EndGlobal
